// !$*UTF8*$!
{
	archiveVersion = 1;
	classes = {
	};
	objectVersion = 77;
	objects = {

/* Begin PBXBuildFile section */
		509624D32E050347007E1755 /* TranslateInPlace.appex in Embed Foundation Extensions */ = {isa = PBXBuildFile; fileRef = 509624C92E050347007E1755 /* TranslateInPlace.appex */; settings = {ATTRIBUTES = (RemoveHeadersOnCopy, ); }; };
/* End PBXBuildFile section */

/* Begin PBXContainerItemProxy section */
		509624A92E05033D007E1755 /* PBXContainerItemProxy */ = {
			isa = PBXContainerItemProxy;
			containerPortal = 509624932E05033C007E1755 /* Project object */;
			proxyType = 1;
			remoteGlobalIDString = 5096249A2E05033C007E1755;
			remoteInfo = ImageTranslator;
		};
		509624B32E05033D007E1755 /* PBXContainerItemProxy */ = {
			isa = PBXContainerItemProxy;
			containerPortal = 509624932E05033C007E1755 /* Project object */;
			proxyType = 1;
			remoteGlobalIDString = 5096249A2E05033C007E1755;
			remoteInfo = ImageTranslator;
		};
		509624D12E050347007E1755 /* PBXContainerItemProxy */ = {
			isa = PBXContainerItemProxy;
			containerPortal = 509624932E05033C007E1755 /* Project object */;
			proxyType = 1;
			remoteGlobalIDString = 509624C82E050347007E1755;
			remoteInfo = TranslateInPlace;
		};
/* End PBXContainerItemProxy section */

/* Begin PBXCopyFilesBuildPhase section */
		509624D82E050347007E1755 /* Embed Foundation Extensions */ = {
			isa = PBXCopyFilesBuildPhase;
			buildActionMask = 2147483647;
			dstPath = "";
			dstSubfolderSpec = 13;
			files = (
				509624D32E050347007E1755 /* TranslateInPlace.appex in Embed Foundation Extensions */,
			);
			name = "Embed Foundation Extensions";
			runOnlyForDeploymentPostprocessing = 0;
		};
/* End PBXCopyFilesBuildPhase section */

/* Begin PBXFileReference section */
		5096249B2E05033C007E1755 /* LensAI.app */ = {isa = PBXFileReference; explicitFileType = wrapper.application; includeInIndex = 0; path = LensAI.app; sourceTree = BUILT_PRODUCTS_DIR; };
		509624A82E05033D007E1755 /* LensAITests.xctest */ = {isa = PBXFileReference; explicitFileType = wrapper.cfbundle; includeInIndex = 0; path = LensAITests.xctest; sourceTree = BUILT_PRODUCTS_DIR; };
		509624B22E05033D007E1755 /* LensAIUITests.xctest */ = {isa = PBXFileReference; explicitFileType = wrapper.cfbundle; includeInIndex = 0; path = LensAIUITests.xctest; sourceTree = BUILT_PRODUCTS_DIR; };
		509624C92E050347007E1755 /* TranslateInPlace.appex */ = {isa = PBXFileReference; explicitFileType = "wrapper.app-extension"; includeInIndex = 0; path = TranslateInPlace.appex; sourceTree = BUILT_PRODUCTS_DIR; };
/* End PBXFileReference section */

/* Begin PBXFileSystemSynchronizedBuildFileExceptionSet section */
		504F0BB82E06227300EE6D6F /* Exceptions for "TranslateInPlace" folder in "TranslateInPlace" target */ = {
			isa = PBXFileSystemSynchronizedBuildFileExceptionSet;
			membershipExceptions = (
				Info.plist,
			);
			target = 509624C82E050347007E1755 /* TranslateInPlace */;
		};
/* End PBXFileSystemSynchronizedBuildFileExceptionSet section */

/* Begin PBXFileSystemSynchronizedRootGroup section */
		5096249D2E05033C007E1755 /* LensAI */ = {
			isa = PBXFileSystemSynchronizedRootGroup;
			path = LensAI;
			sourceTree = "<group>";
		};
		509624CA2E050347007E1755 /* TranslateInPlace */ = {
			isa = PBXFileSystemSynchronizedRootGroup;
			exceptions = (
				504F0BB82E06227300EE6D6F /* Exceptions for "TranslateInPlace" folder in "TranslateInPlace" target */,
			);
			path = TranslateInPlace;
			sourceTree = "<group>";
		};
/* End PBXFileSystemSynchronizedRootGroup section */

/* Begin PBXFrameworksBuildPhase section */
		509624982E05033C007E1755 /* Frameworks */ = {
			isa = PBXFrameworksBuildPhase;
			buildActionMask = 2147483647;
			files = (
			);
			runOnlyForDeploymentPostprocessing = 0;
		};
		509624A52E05033D007E1755 /* Frameworks */ = {
			isa = PBXFrameworksBuildPhase;
			buildActionMask = 2147483647;
			files = (
			);
			runOnlyForDeploymentPostprocessing = 0;
		};
		509624AF2E05033D007E1755 /* Frameworks */ = {
			isa = PBXFrameworksBuildPhase;
			buildActionMask = 2147483647;
			files = (
			);
			runOnlyForDeploymentPostprocessing = 0;
		};
		509624C62E050347007E1755 /* Frameworks */ = {
			isa = PBXFrameworksBuildPhase;
			buildActionMask = 2147483647;
			files = (
			);
			runOnlyForDeploymentPostprocessing = 0;
		};
/* End PBXFrameworksBuildPhase section */

/* Begin PBXGroup section */
		509624922E05033C007E1755 = {
			isa = PBXGroup;
			children = (
				5096249D2E05033C007E1755 /* LensAI */,
				509624CA2E050347007E1755 /* TranslateInPlace */,
				5096249C2E05033C007E1755 /* Products */,
			);
			sourceTree = "<group>";
		};
		5096249C2E05033C007E1755 /* Products */ = {
			isa = PBXGroup;
			children = (
				5096249B2E05033C007E1755 /* LensAI.app */,
				509624A82E05033D007E1755 /* LensAITests.xctest */,
				509624B22E05033D007E1755 /* LensAIUITests.xctest */,
				509624C92E050347007E1755 /* TranslateInPlace.appex */,
			);
			name = Products;
			sourceTree = "<group>";
		};
/* End PBXGroup section */

/* Begin PBXNativeTarget section */
		5096249A2E05033C007E1755 /* LensAI */ = {
			isa = PBXNativeTarget;
			buildConfigurationList = 509624BC2E05033D007E1755 /* Build configuration list for PBXNativeTarget "LensAI" */;
			buildPhases = (
				509624972E05033C007E1755 /* Sources */,
				509624982E05033C007E1755 /* Frameworks */,
				509624992E05033C007E1755 /* Resources */,
				509624D82E050347007E1755 /* Embed Foundation Extensions */,
			);
			buildRules = (
			);
			dependencies = (
				509624D22E050347007E1755 /* PBXTargetDependency */,
			);
			fileSystemSynchronizedGroups = (
				5096249D2E05033C007E1755 /* LensAI */,
			);
			name = LensAI;
			packageProductDependencies = (
			);
			productName = ImageTranslator;
			productReference = 5096249B2E05033C007E1755 /* LensAI.app */;
			productType = "com.apple.product-type.application";
		};
		509624A72E05033D007E1755 /* LensAITests */ = {
			isa = PBXNativeTarget;
			buildConfigurationList = 509624BF2E05033D007E1755 /* Build configuration list for PBXNativeTarget "LensAITests" */;
			buildPhases = (
				509624A42E05033D007E1755 /* Sources */,
				509624A52E05033D007E1755 /* Frameworks */,
				509624A62E05033D007E1755 /* Resources */,
			);
			buildRules = (
			);
			dependencies = (
				509624AA2E05033D007E1755 /* PBXTargetDependency */,
			);
			name = LensAITests;
			packageProductDependencies = (
			);
			productName = ImageTranslatorTests;
			productReference = 509624A82E05033D007E1755 /* LensAITests.xctest */;
			productType = "com.apple.product-type.bundle.unit-test";
		};
		509624B12E05033D007E1755 /* LensAIUITests */ = {
			isa = PBXNativeTarget;
			buildConfigurationList = 509624C22E05033D007E1755 /* Build configuration list for PBXNativeTarget "LensAIUITests" */;
			buildPhases = (
				509624AE2E05033D007E1755 /* Sources */,
				509624AF2E05033D007E1755 /* Frameworks */,
				509624B02E05033D007E1755 /* Resources */,
			);
			buildRules = (
			);
			dependencies = (
				509624B42E05033D007E1755 /* PBXTargetDependency */,
			);
			name = LensAIUITests;
			packageProductDependencies = (
			);
			productName = ImageTranslatorUITests;
			productReference = 509624B22E05033D007E1755 /* LensAIUITests.xctest */;
			productType = "com.apple.product-type.bundle.ui-testing";
		};
		509624C82E050347007E1755 /* TranslateInPlace */ = {
			isa = PBXNativeTarget;
			buildConfigurationList = 509624D52E050347007E1755 /* Build configuration list for PBXNativeTarget "TranslateInPlace" */;
			buildPhases = (
				509624C52E050347007E1755 /* Sources */,
				509624C62E050347007E1755 /* Frameworks */,
				509624C72E050347007E1755 /* Resources */,
			);
			buildRules = (
			);
			dependencies = (
			);
			fileSystemSynchronizedGroups = (
				509624CA2E050347007E1755 /* TranslateInPlace */,
			);
			name = TranslateInPlace;
			packageProductDependencies = (
			);
			productName = TranslateInPlace;
			productReference = 509624C92E050347007E1755 /* TranslateInPlace.appex */;
			productType = "com.apple.product-type.app-extension";
		};
/* End PBXNativeTarget section */

/* Begin PBXProject section */
		509624932E05033C007E1755 /* Project object */ = {
			isa = PBXProject;
			attributes = {
				BuildIndependentTargetsInParallel = 1;
				LastSwiftUpdateCheck = 1640;
				LastUpgradeCheck = 1640;
				TargetAttributes = {
					5096249A2E05033C007E1755 = {
						CreatedOnToolsVersion = 16.4;
					};
					509624A72E05033D007E1755 = {
						CreatedOnToolsVersion = 16.4;
						TestTargetID = 5096249A2E05033C007E1755;
					};
					509624B12E05033D007E1755 = {
						CreatedOnToolsVersion = 16.4;
						TestTargetID = 5096249A2E05033C007E1755;
					};
					509624C82E050347007E1755 = {
						CreatedOnToolsVersion = 16.4;
					};
				};
			};
			buildConfigurationList = 509624962E05033C007E1755 /* Build configuration list for PBXProject "LensAI" */;
			developmentRegion = en;
			hasScannedForEncodings = 0;
			knownRegions = (
				en,
				Base,
			);
			mainGroup = 509624922E05033C007E1755;
			minimizedProjectReferenceProxies = 1;
			preferredProjectObjectVersion = 77;
			productRefGroup = 5096249C2E05033C007E1755 /* Products */;
			projectDirPath = "";
			projectRoot = "";
			targets = (
				5096249A2E05033C007E1755 /* LensAI */,
				509624A72E05033D007E1755 /* LensAITests */,
				509624B12E05033D007E1755 /* LensAIUITests */,
				509624C82E050347007E1755 /* TranslateInPlace */,
			);
		};
/* End PBXProject section */

/* Begin PBXResourcesBuildPhase section */
		509624992E05033C007E1755 /* Resources */ = {
			isa = PBXResourcesBuildPhase;
			buildActionMask = 2147483647;
			files = (
			);
			runOnlyForDeploymentPostprocessing = 0;
		};
		509624A62E05033D007E1755 /* Resources */ = {
			isa = PBXResourcesBuildPhase;
			buildActionMask = 2147483647;
			files = (
			);
			runOnlyForDeploymentPostprocessing = 0;
		};
		509624B02E05033D007E1755 /* Resources */ = {
			isa = PBXResourcesBuildPhase;
			buildActionMask = 2147483647;
			files = (
			);
			runOnlyForDeploymentPostprocessing = 0;
		};
		509624C72E050347007E1755 /* Resources */ = {
			isa = PBXResourcesBuildPhase;
			buildActionMask = 2147483647;
			files = (
			);
			runOnlyForDeploymentPostprocessing = 0;
		};
/* End PBXResourcesBuildPhase section */

/* Begin PBXSourcesBuildPhase section */
		509624972E05033C007E1755 /* Sources */ = {
			isa = PBXSourcesBuildPhase;
			buildActionMask = 2147483647;
			files = (
			);
			runOnlyForDeploymentPostprocessing = 0;
		};
		509624A42E05033D007E1755 /* Sources */ = {
			isa = PBXSourcesBuildPhase;
			buildActionMask = 2147483647;
			files = (
			);
			runOnlyForDeploymentPostprocessing = 0;
		};
		509624AE2E05033D007E1755 /* Sources */ = {
			isa = PBXSourcesBuildPhase;
			buildActionMask = 2147483647;
			files = (
			);
			runOnlyForDeploymentPostprocessing = 0;
		};
		509624C52E050347007E1755 /* Sources */ = {
			isa = PBXSourcesBuildPhase;
			buildActionMask = 2147483647;
			files = (
			);
			runOnlyForDeploymentPostprocessing = 0;
		};
/* End PBXSourcesBuildPhase section */

/* Begin PBXTargetDependency section */
		509624AA2E05033D007E1755 /* PBXTargetDependency */ = {
			isa = PBXTargetDependency;
			target = 5096249A2E05033C007E1755 /* LensAI */;
			targetProxy = 509624A92E05033D007E1755 /* PBXContainerItemProxy */;
		};
		509624B42E05033D007E1755 /* PBXTargetDependency */ = {
			isa = PBXTargetDependency;
			target = 5096249A2E05033C007E1755 /* LensAI */;
			targetProxy = 509624B32E05033D007E1755 /* PBXContainerItemProxy */;
		};
		509624D22E050347007E1755 /* PBXTargetDependency */ = {
			isa = PBXTargetDependency;
			target = 509624C82E050347007E1755 /* TranslateInPlace */;
			targetProxy = 509624D12E050347007E1755 /* PBXContainerItemProxy */;
		};
/* End PBXTargetDependency section */

/* Begin XCBuildConfiguration section */
		509624BA2E05033D007E1755 /* Debug */ = {
			isa = XCBuildConfiguration;
			buildSettings = {
				ALWAYS_SEARCH_USER_PATHS = NO;
				ASSETCATALOG_COMPILER_GENERATE_SWIFT_ASSET_SYMBOL_EXTENSIONS = YES;
				CLANG_ANALYZER_NONNULL = YES;
				CLANG_ANALYZER_NUMBER_OBJECT_CONVERSION = YES_AGGRESSIVE;
				CLANG_CXX_LANGUAGE_STANDARD = "gnu++20";
				CLANG_ENABLE_MODULES = YES;
				CLANG_ENABLE_OBJC_ARC = YES;
				CLANG_ENABLE_OBJC_WEAK = YES;
				CLANG_WARN_BLOCK_CAPTURE_AUTORELEASING = YES;
				CLANG_WARN_BOOL_CONVERSION = YES;
				CLANG_WARN_COMMA = YES;
				CLANG_WARN_CONSTANT_CONVERSION = YES;
				CLANG_WARN_DEPRECATED_OBJC_IMPLEMENTATIONS = YES;
				CLANG_WARN_DIRECT_OBJC_ISA_USAGE = YES_ERROR;
				CLANG_WARN_DOCUMENTATION_COMMENTS = YES;
				CLANG_WARN_EMPTY_BODY = YES;
				CLANG_WARN_ENUM_CONVERSION = YES;
				CLANG_WARN_INFINITE_RECURSION = YES;
				CLANG_WARN_INT_CONVERSION = YES;
				CLANG_WARN_NON_LITERAL_NULL_CONVERSION = YES;
				CLANG_WARN_OBJC_IMPLICIT_RETAIN_SELF = YES;
				CLANG_WARN_OBJC_LITERAL_CONVERSION = YES;
				CLANG_WARN_OBJC_ROOT_CLASS = YES_ERROR;
				CLANG_WARN_QUOTED_INCLUDE_IN_FRAMEWORK_HEADER = YES;
				CLANG_WARN_RANGE_LOOP_ANALYSIS = YES;
				CLANG_WARN_STRICT_PROTOTYPES = YES;
				CLANG_WARN_SUSPICIOUS_MOVE = YES;
				CLANG_WARN_UNGUARDED_AVAILABILITY = YES_AGGRESSIVE;
				CLANG_WARN_UNREACHABLE_CODE = YES;
				CLANG_WARN__DUPLICATE_METHOD_MATCH = YES;
				COPY_PHASE_STRIP = NO;
				DEBUG_INFORMATION_FORMAT = dwarf;
				DEVELOPMENT_TEAM = G5XBN5ZP6H;
				ENABLE_STRICT_OBJC_MSGSEND = YES;
				ENABLE_TESTABILITY = YES;
				ENABLE_USER_SCRIPT_SANDBOXING = YES;
				GCC_C_LANGUAGE_STANDARD = gnu17;
				GCC_DYNAMIC_NO_PIC = NO;
				GCC_NO_COMMON_BLOCKS = YES;
				GCC_OPTIMIZATION_LEVEL = 0;
				GCC_PREPROCESSOR_DEFINITIONS = (
					"DEBUG=1",
					"$(inherited)",
				);
				GCC_WARN_64_TO_32_BIT_CONVERSION = YES;
				GCC_WARN_ABOUT_RETURN_TYPE = YES_ERROR;
				GCC_WARN_UNDECLARED_SELECTOR = YES;
				GCC_WARN_UNINITIALIZED_AUTOS = YES_AGGRESSIVE;
				GCC_WARN_UNUSED_FUNCTION = YES;
				GCC_WARN_UNUSED_VARIABLE = YES;
				IPHONEOS_DEPLOYMENT_TARGET = 18.5;
				LOCALIZATION_PREFERS_STRING_CATALOGS = YES;
				MTL_ENABLE_DEBUG_INFO = INCLUDE_SOURCE;
				MTL_FAST_MATH = YES;
				ONLY_ACTIVE_ARCH = YES;
				SDKROOT = iphoneos;
				SWIFT_ACTIVE_COMPILATION_CONDITIONS = "DEBUG $(inherited)";
				SWIFT_OPTIMIZATION_LEVEL = "-Onone";
			};
			name = Debug;
		};
		509624BB2E05033D007E1755 /* Release */ = {
			isa = XCBuildConfiguration;
			buildSettings = {
				ALWAYS_SEARCH_USER_PATHS = NO;
				ASSETCATALOG_COMPILER_GENERATE_SWIFT_ASSET_SYMBOL_EXTENSIONS = YES;
				CLANG_ANALYZER_NONNULL = YES;
				CLANG_ANALYZER_NUMBER_OBJECT_CONVERSION = YES_AGGRESSIVE;
				CLANG_CXX_LANGUAGE_STANDARD = "gnu++20";
				CLANG_ENABLE_MODULES = YES;
				CLANG_ENABLE_OBJC_ARC = YES;
				CLANG_ENABLE_OBJC_WEAK = YES;
				CLANG_WARN_BLOCK_CAPTURE_AUTORELEASING = YES;
				CLANG_WARN_BOOL_CONVERSION = YES;
				CLANG_WARN_COMMA = YES;
				CLANG_WARN_CONSTANT_CONVERSION = YES;
				CLANG_WARN_DEPRECATED_OBJC_IMPLEMENTATIONS = YES;
				CLANG_WARN_DIRECT_OBJC_ISA_USAGE = YES_ERROR;
				CLANG_WARN_DOCUMENTATION_COMMENTS = YES;
				CLANG_WARN_EMPTY_BODY = YES;
				CLANG_WARN_ENUM_CONVERSION = YES;
				CLANG_WARN_INFINITE_RECURSION = YES;
				CLANG_WARN_INT_CONVERSION = YES;
				CLANG_WARN_NON_LITERAL_NULL_CONVERSION = YES;
				CLANG_WARN_OBJC_IMPLICIT_RETAIN_SELF = YES;
				CLANG_WARN_OBJC_LITERAL_CONVERSION = YES;
				CLANG_WARN_OBJC_ROOT_CLASS = YES_ERROR;
				CLANG_WARN_QUOTED_INCLUDE_IN_FRAMEWORK_HEADER = YES;
				CLANG_WARN_RANGE_LOOP_ANALYSIS = YES;
				CLANG_WARN_STRICT_PROTOTYPES = YES;
				CLANG_WARN_SUSPICIOUS_MOVE = YES;
				CLANG_WARN_UNGUARDED_AVAILABILITY = YES_AGGRESSIVE;
				CLANG_WARN_UNREACHABLE_CODE = YES;
				CLANG_WARN__DUPLICATE_METHOD_MATCH = YES;
				COPY_PHASE_STRIP = NO;
				DEBUG_INFORMATION_FORMAT = "dwarf-with-dsym";
				DEVELOPMENT_TEAM = G5XBN5ZP6H;
				ENABLE_NS_ASSERTIONS = NO;
				ENABLE_STRICT_OBJC_MSGSEND = YES;
				ENABLE_USER_SCRIPT_SANDBOXING = YES;
				GCC_C_LANGUAGE_STANDARD = gnu17;
				GCC_NO_COMMON_BLOCKS = YES;
				GCC_WARN_64_TO_32_BIT_CONVERSION = YES;
				GCC_WARN_ABOUT_RETURN_TYPE = YES_ERROR;
				GCC_WARN_UNDECLARED_SELECTOR = YES;
				GCC_WARN_UNINITIALIZED_AUTOS = YES_AGGRESSIVE;
				GCC_WARN_UNUSED_FUNCTION = YES;
				GCC_WARN_UNUSED_VARIABLE = YES;
				IPHONEOS_DEPLOYMENT_TARGET = 18.5;
				LOCALIZATION_PREFERS_STRING_CATALOGS = YES;
				MTL_ENABLE_DEBUG_INFO = NO;
				MTL_FAST_MATH = YES;
				SDKROOT = iphoneos;
				SWIFT_COMPILATION_MODE = wholemodule;
				VALIDATE_PRODUCT = YES;
			};
			name = Release;
		};
		509624BD2E05033D007E1755 /* Debug */ = {
			isa = XCBuildConfiguration;
			buildSettings = {
				ASSETCATALOG_COMPILER_APPICON_NAME = AppIcon;
				ASSETCATALOG_COMPILER_GLOBAL_ACCENT_COLOR_NAME = AccentColor;
				CODE_SIGN_STYLE = Automatic;
				CURRENT_PROJECT_VERSION = 1;
				DEVELOPMENT_TEAM = G5XBN5ZP6H;
				ENABLE_PREVIEWS = YES;
				GENERATE_INFOPLIST_FILE = YES;
				INFOPLIST_KEY_UIApplicationSceneManifest_Generation = YES;
				INFOPLIST_KEY_UIApplicationSupportsIndirectInputEvents = YES;
				INFOPLIST_KEY_UILaunchScreen_Generation = YES;
				INFOPLIST_KEY_UISupportedInterfaceOrientations_iPad = "UIInterfaceOrientationPortrait UIInterfaceOrientationPortraitUpsideDown UIInterfaceOrientationLandscapeLeft UIInterfaceOrientationLandscapeRight";
				INFOPLIST_KEY_UISupportedInterfaceOrientations_iPhone = "UIInterfaceOrientationPortrait UIInterfaceOrientationLandscapeLeft UIInterfaceOrientationLandscapeRight";
				LD_RUNPATH_SEARCH_PATHS = (
					"$(inherited)",
					"@executable_path/Frameworks",
				);
				MARKETING_VERSION = 1.0;
				PRODUCT_BUNDLE_IDENTIFIER = mariousyousif.LensAI;
				PRODUCT_NAME = "$(TARGET_NAME)";
				SWIFT_EMIT_LOC_STRINGS = YES;
				SWIFT_VERSION = 5.0;
				TARGETED_DEVICE_FAMILY = "1,2";
			};
			name = Debug;
		};
		509624BE2E05033D007E1755 /* Release */ = {
			isa = XCBuildConfiguration;
			buildSettings = {
				ASSETCATALOG_COMPILER_APPICON_NAME = AppIcon;
				ASSETCATALOG_COMPILER_GLOBAL_ACCENT_COLOR_NAME = AccentColor;
				CODE_SIGN_STYLE = Automatic;
				CURRENT_PROJECT_VERSION = 1;
				DEVELOPMENT_TEAM = G5XBN5ZP6H;
				ENABLE_PREVIEWS = YES;
				GENERATE_INFOPLIST_FILE = YES;
				INFOPLIST_KEY_UIApplicationSceneManifest_Generation = YES;
				INFOPLIST_KEY_UIApplicationSupportsIndirectInputEvents = YES;
				INFOPLIST_KEY_UILaunchScreen_Generation = YES;
				INFOPLIST_KEY_UISupportedInterfaceOrientations_iPad = "UIInterfaceOrientationPortrait UIInterfaceOrientationPortraitUpsideDown UIInterfaceOrientationLandscapeLeft UIInterfaceOrientationLandscapeRight";
				INFOPLIST_KEY_UISupportedInterfaceOrientations_iPhone = "UIInterfaceOrientationPortrait UIInterfaceOrientationLandscapeLeft UIInterfaceOrientationLandscapeRight";
				LD_RUNPATH_SEARCH_PATHS = (
					"$(inherited)",
					"@executable_path/Frameworks",
				);
				MARKETING_VERSION = 1.0;
				PRODUCT_BUNDLE_IDENTIFIER = mariousyousif.LensAI;
				PRODUCT_NAME = "$(TARGET_NAME)";
				SWIFT_EMIT_LOC_STRINGS = YES;
				SWIFT_VERSION = 5.0;
				TARGETED_DEVICE_FAMILY = "1,2";
			};
			name = Release;
		};
		509624C02E05033D007E1755 /* Debug */ = {
			isa = XCBuildConfiguration;
			buildSettings = {
				BUNDLE_LOADER = "$(TEST_HOST)";
				CODE_SIGN_STYLE = Automatic;
				CURRENT_PROJECT_VERSION = 1;
				DEVELOPMENT_TEAM = G5XBN5ZP6H;
				GENERATE_INFOPLIST_FILE = YES;
				IPHONEOS_DEPLOYMENT_TARGET = 18.5;
				MARKETING_VERSION = 1.0;
				PRODUCT_BUNDLE_IDENTIFIER = mariousyousif.ImageTranslatorTests;
				PRODUCT_NAME = "$(TARGET_NAME)";
				SWIFT_EMIT_LOC_STRINGS = NO;
				SWIFT_VERSION = 5.0;
				TARGETED_DEVICE_FAMILY = "1,2";
				TEST_HOST = "$(BUILT_PRODUCTS_DIR)/LensAI.app/$(BUNDLE_EXECUTABLE_FOLDER_PATH)/LensAI";
			};
			name = Debug;
		};
		509624C12E05033D007E1755 /* Release */ = {
			isa = XCBuildConfiguration;
			buildSettings = {
				BUNDLE_LOADER = "$(TEST_HOST)";
				CODE_SIGN_STYLE = Automatic;
				CURRENT_PROJECT_VERSION = 1;
				DEVELOPMENT_TEAM = G5XBN5ZP6H;
				GENERATE_INFOPLIST_FILE = YES;
				IPHONEOS_DEPLOYMENT_TARGET = 18.5;
				MARKETING_VERSION = 1.0;
				PRODUCT_BUNDLE_IDENTIFIER = mariousyousif.ImageTranslatorTests;
				PRODUCT_NAME = "$(TARGET_NAME)";
				SWIFT_EMIT_LOC_STRINGS = NO;
				SWIFT_VERSION = 5.0;
				TARGETED_DEVICE_FAMILY = "1,2";
				TEST_HOST = "$(BUILT_PRODUCTS_DIR)/LensAI.app/$(BUNDLE_EXECUTABLE_FOLDER_PATH)/LensAI";
			};
			name = Release;
		};
		509624C32E05033D007E1755 /* Debug */ = {
			isa = XCBuildConfiguration;
			buildSettings = {
				CODE_SIGN_STYLE = Automatic;
				CURRENT_PROJECT_VERSION = 1;
				DEVELOPMENT_TEAM = G5XBN5ZP6H;
				GENERATE_INFOPLIST_FILE = YES;
				MARKETING_VERSION = 1.0;
				PRODUCT_BUNDLE_IDENTIFIER = mariousyousif.ImageTranslatorUITests;
				PRODUCT_NAME = "$(TARGET_NAME)";
				SWIFT_EMIT_LOC_STRINGS = NO;
				SWIFT_VERSION = 5.0;
				TARGETED_DEVICE_FAMILY = "1,2";
				TEST_TARGET_NAME = ImageTranslator;
			};
			name = Debug;
		};
		509624C42E05033D007E1755 /* Release */ = {
			isa = XCBuildConfiguration;
			buildSettings = {
				CODE_SIGN_STYLE = Automatic;
				CURRENT_PROJECT_VERSION = 1;
				DEVELOPMENT_TEAM = G5XBN5ZP6H;
				GENERATE_INFOPLIST_FILE = YES;
				MARKETING_VERSION = 1.0;
				PRODUCT_BUNDLE_IDENTIFIER = mariousyousif.ImageTranslatorUITests;
				PRODUCT_NAME = "$(TARGET_NAME)";
				SWIFT_EMIT_LOC_STRINGS = NO;
				SWIFT_VERSION = 5.0;
				TARGETED_DEVICE_FAMILY = "1,2";
				TEST_TARGET_NAME = ImageTranslator;
			};
			name = Release;
		};
		509624D62E050347007E1755 /* Debug */ = {
			isa = XCBuildConfiguration;
			buildSettings = {
				CODE_SIGN_STYLE = Automatic;
				CURRENT_PROJECT_VERSION = 1;
				DEVELOPMENT_TEAM = G5XBN5ZP6H;
				GENERATE_INFOPLIST_FILE = YES;
				INFOPLIST_FILE = TranslateInPlace/Info.plist;
				INFOPLIST_KEY_CFBundleDisplayName = TranslateInPlace;
				INFOPLIST_KEY_NSHumanReadableCopyright = "";
				LD_RUNPATH_SEARCH_PATHS = (
					"$(inherited)",
					"@executable_path/Frameworks",
					"@executable_path/../../Frameworks",
				);
				MARKETING_VERSION = 1.0;
				PRODUCT_BUNDLE_IDENTIFIER = mariousyousif.LensAI.TranslateInPlace;
				PRODUCT_NAME = "$(TARGET_NAME)";
				SKIP_INSTALL = YES;
				SWIFT_EMIT_LOC_STRINGS = YES;
				SWIFT_VERSION = 5.0;
				TARGETED_DEVICE_FAMILY = "1,2";
			};
			name = Debug;
		};
		509624D72E050347007E1755 /* Release */ = {
			isa = XCBuildConfiguration;
			buildSettings = {
				CODE_SIGN_STYLE = Automatic;
				CURRENT_PROJECT_VERSION = 1;
				DEVELOPMENT_TEAM = G5XBN5ZP6H;
				GENERATE_INFOPLIST_FILE = YES;
				INFOPLIST_FILE = TranslateInPlace/Info.plist;
				INFOPLIST_KEY_CFBundleDisplayName = TranslateInPlace;
				INFOPLIST_KEY_NSHumanReadableCopyright = "";
				LD_RUNPATH_SEARCH_PATHS = (
					"$(inherited)",
					"@executable_path/Frameworks",
					"@executable_path/../../Frameworks",
				);
				MARKETING_VERSION = 1.0;
				PRODUCT_BUNDLE_IDENTIFIER = mariousyousif.LensAI.TranslateInPlace;
				PRODUCT_NAME = "$(TARGET_NAME)";
				SKIP_INSTALL = YES;
				SWIFT_EMIT_LOC_STRINGS = YES;
				SWIFT_VERSION = 5.0;
				TARGETED_DEVICE_FAMILY = "1,2";
			};
			name = Release;
		};
/* End XCBuildConfiguration section */

/* Begin XCConfigurationList section */
		509624962E05033C007E1755 /* Build configuration list for PBXProject "LensAI" */ = {
			isa = XCConfigurationList;
			buildConfigurations = (
				509624BA2E05033D007E1755 /* Debug */,
				509624BB2E05033D007E1755 /* Release */,
			);
			defaultConfigurationIsVisible = 0;
			defaultConfigurationName = Release;
		};
		509624BC2E05033D007E1755 /* Build configuration list for PBXNativeTarget "LensAI" */ = {
			isa = XCConfigurationList;
			buildConfigurations = (
				509624BD2E05033D007E1755 /* Debug */,
				509624BE2E05033D007E1755 /* Release */,
			);
			defaultConfigurationIsVisible = 0;
			defaultConfigurationName = Release;
		};
		509624BF2E05033D007E1755 /* Build configuration list for PBXNativeTarget "LensAITests" */ = {
			isa = XCConfigurationList;
			buildConfigurations = (
				509624C02E05033D007E1755 /* Debug */,
				509624C12E05033D007E1755 /* Release */,
			);
			defaultConfigurationIsVisible = 0;
			defaultConfigurationName = Release;
		};
		509624C22E05033D007E1755 /* Build configuration list for PBXNativeTarget "LensAIUITests" */ = {
			isa = XCConfigurationList;
			buildConfigurations = (
				509624C32E05033D007E1755 /* Debug */,
				509624C42E05033D007E1755 /* Release */,
			);
			defaultConfigurationIsVisible = 0;
			defaultConfigurationName = Release;
		};
		509624D52E050347007E1755 /* Build configuration list for PBXNativeTarget "TranslateInPlace" */ = {
			isa = XCConfigurationList;
			buildConfigurations = (
				509624D62E050347007E1755 /* Debug */,
				509624D72E050347007E1755 /* Release */,
			);
			defaultConfigurationIsVisible = 0;
			defaultConfigurationName = Release;
		};
/* End XCConfigurationList section */
	};
	rootObject = 509624932E05033C007E1755 /* Project object */;
}
